
Microsoft Visual Studio Solution File, Format Version 12.00
# Visual Studio Version 16
VisualStudioVersion = 16.0.30621.155
MinimumVisualStudioVersion = 10.0.40219.1
Project("{FAE04EC0-301F-11D3-BF4B-00C04F79EFBC}") = "WebApplication3", "WebApplication3\WebApplication3.csproj", "{A874CC60-15A9-47EE-8490-B4A26441B711}"
EndProject
Global
	GlobalSection(SolutionConfigurationPlatforms) = preSolution
		Debug|Any CPU = Debug|Any CPU
		Release|Any CPU = Release|Any CPU
	EndGlobalSection
	GlobalSection(ProjectConfigurationPlatforms) = postSolution
		{A874CC60-15A9-47EE-8490-B4A26441B711}.Debug|Any CPU.ActiveCfg = Debug|Any CPU
		{A874CC60-15A9-47EE-8490-B4A26441B711}.Debug|Any CPU.Build.0 = Debug|Any CPU
		{A874CC60-15A9-47EE-8490-B4A26441B711}.Release|Any CPU.ActiveCfg = Release|Any CPU
		{A874CC60-15A9-47EE-8490-B4A26441B711}.Release|Any CPU.Build.0 = Release|Any CPU
	EndGlobalSection
	GlobalSection(SolutionProperties) = preSolution
		HideSolutionNode = FALSE
	EndGlobalSection
	GlobalSection(ExtensibilityGlobals) = postSolution
		SolutionGuid = {091330C5-DECD-451F-8E88-933C41742DAA}
	EndGlobalSection
EndGlobal
